
Microsoft Visual Studio Solution File, Format Version 12.00
# Visual Studio Version 17
VisualStudioVersion = 17.1.32210.238
MinimumVisualStudioVersion = 10.0.40219.1
Project("{FAE04EC0-301F-11D3-BF4B-00C04F79EFBC}") = "HierarchicalStructure", "ReizTechAssignments\HierarchicalStructure.csproj", "{4058CFD2-FE79-47BE-93E0-BB11A290CB78}"
EndProject
Project("{FAE04EC0-301F-11D3-BF4B-00C04F79EFBC}") = "AnalogueClockTask", "AnalogueClock\AnalogueClockTask.csproj", "{BFB05908-7D92-4EA5-9898-D279DE43C373}"
EndProject
Global
	GlobalSection(SolutionConfigurationPlatforms) = preSolution
		Debug|Any CPU = Debug|Any CPU
		Release|Any CPU = Release|Any CPU
	EndGlobalSection
	GlobalSection(ProjectConfigurationPlatforms) = postSolution
		{4058CFD2-FE79-47BE-93E0-BB11A290CB78}.Debug|Any CPU.ActiveCfg = Debug|Any CPU
		{4058CFD2-FE79-47BE-93E0-BB11A290CB78}.Debug|Any CPU.Build.0 = Debug|Any CPU
		{4058CFD2-FE79-47BE-93E0-BB11A290CB78}.Release|Any CPU.ActiveCfg = Release|Any CPU
		{4058CFD2-FE79-47BE-93E0-BB11A290CB78}.Release|Any CPU.Build.0 = Release|Any CPU
		{BFB05908-7D92-4EA5-9898-D279DE43C373}.Debug|Any CPU.ActiveCfg = Debug|Any CPU
		{BFB05908-7D92-4EA5-9898-D279DE43C373}.Debug|Any CPU.Build.0 = Debug|Any CPU
		{BFB05908-7D92-4EA5-9898-D279DE43C373}.Release|Any CPU.ActiveCfg = Release|Any CPU
		{BFB05908-7D92-4EA5-9898-D279DE43C373}.Release|Any CPU.Build.0 = Release|Any CPU
	EndGlobalSection
	GlobalSection(SolutionProperties) = preSolution
		HideSolutionNode = FALSE
	EndGlobalSection
	GlobalSection(ExtensibilityGlobals) = postSolution
		SolutionGuid = {40A1705A-A775-4E4A-B61A-B66A8B09CB31}
	EndGlobalSection
EndGlobal
